// !$*UTF8*$!
{
	archiveVersion = 1;
	classes = {
	};
	objectVersion = 46;
	objects = {

/* Begin PBXBuildFile section */
		0917A271C1D35A505586FB61 /* MetromTheme.swift in Sources */ = {isa = PBXBuildFile; fileRef = 57D6B023984F70BA941DCDB4 /* MetromTheme.swift */; };
		24BB8802DFB1AC2F97E544EC /* Assets.xcassets in Resources */ = {isa = PBXBuildFile; fileRef = 907CD3E79D1CE55DC8736E4D /* Assets.xcassets */; };
		5DD2EFE00FC63886459EDF69 /* AVAudioPcmSink.swift in Sources */ = {isa = PBXBuildFile; fileRef = 507B13090253BE4AD08B5BC9 /* AVAudioPcmSink.swift */; };
		5F90DFE651B7ACC21E36AEE8 /* ThemeEditor.swift in Sources */ = {isa = PBXBuildFile; fileRef = C6EE5003A39EC84B4CDCFCAE /* ThemeEditor.swift */; };
		69C8E1EE860B21202F5242A6 /* MetronomeView.swift in Sources */ = {isa = PBXBuildFile; fileRef = F4F40CA5C426751286414424 /* MetronomeView.swift */; };
		76D999A96C99E788A0E30820 /* MetronomeBridge.swift in Sources */ = {isa = PBXBuildFile; fileRef = 59C73F15F0BCC187274E21CD /* MetronomeBridge.swift */; };
		BFDE8B58C4A9AAC81EC5C5C5 /* ListenDebugPanel.swift in Sources */ = {isa = PBXBuildFile; fileRef = 4534A0430743EA8E3920607B /* ListenDebugPanel.swift */; };
		C4994913DB1B2CB259CB2043 /* tones in Resources */ = {isa = PBXBuildFile; fileRef = A692CF1E202AE7EAF2CBAF62 /* tones */; };
		DD4B2548F39D56DAADE1CEA0 /* Foundation.framework in Frameworks */ = {isa = PBXBuildFile; fileRef = D99DE3DB436233B96B95AC39 /* Foundation.framework */; };
		E5B23B872773FEBAE04E0520 /* SettingsView.swift in Sources */ = {isa = PBXBuildFile; fileRef = C5CCEB7FB01F2AA6F8D2B3CF /* SettingsView.swift */; };
		FB1CD5F6EEF7DC6B6C31BFAF /* MetromApp.swift in Sources */ = {isa = PBXBuildFile; fileRef = A0C79EBA46BA9FBD4D2F201A /* MetromApp.swift */; };
/* End PBXBuildFile section */

/* Begin PBXFileReference section */
		4534A0430743EA8E3920607B /* ListenDebugPanel.swift */ = {isa = PBXFileReference; includeInIndex = 1; lastKnownFileType = sourcecode.swift; path = ListenDebugPanel.swift; sourceTree = "<group>"; };
		507B13090253BE4AD08B5BC9 /* AVAudioPcmSink.swift */ = {isa = PBXFileReference; includeInIndex = 1; lastKnownFileType = sourcecode.swift; path = AVAudioPcmSink.swift; sourceTree = "<group>"; };
		57D6B023984F70BA941DCDB4 /* MetromTheme.swift */ = {isa = PBXFileReference; includeInIndex = 1; lastKnownFileType = sourcecode.swift; path = MetromTheme.swift; sourceTree = "<group>"; };
		59C73F15F0BCC187274E21CD /* MetronomeBridge.swift */ = {isa = PBXFileReference; includeInIndex = 1; lastKnownFileType = sourcecode.swift; path = MetronomeBridge.swift; sourceTree = "<group>"; };
		907CD3E79D1CE55DC8736E4D /* Assets.xcassets */ = {isa = PBXFileReference; includeInIndex = 1; lastKnownFileType = folder.assetcatalog; path = Assets.xcassets; sourceTree = "<group>"; };
		A0C79EBA46BA9FBD4D2F201A /* MetromApp.swift */ = {isa = PBXFileReference; includeInIndex = 1; lastKnownFileType = sourcecode.swift; path = MetromApp.swift; sourceTree = "<group>"; };
		A692CF1E202AE7EAF2CBAF62 /* tones */ = {isa = PBXFileReference; includeInIndex = 0; lastKnownFileType = folder; name = tones; path = Resources/tones; sourceTree = "<group>"; };
		C0EF6CEB190B95DCD324C951 /* Metrom.app */ = {isa = PBXFileReference; explicitFileType = wrapper.application; includeInIndex = 0; path = Metrom.app; sourceTree = BUILT_PRODUCTS_DIR; };
		C5CCEB7FB01F2AA6F8D2B3CF /* SettingsView.swift */ = {isa = PBXFileReference; includeInIndex = 1; lastKnownFileType = sourcecode.swift; path = SettingsView.swift; sourceTree = "<group>"; };
		C6EE5003A39EC84B4CDCFCAE /* ThemeEditor.swift */ = {isa = PBXFileReference; includeInIndex = 1; lastKnownFileType = sourcecode.swift; path = ThemeEditor.swift; sourceTree = "<group>"; };
		D5C7F959B0AD5831A3B7DA5F /* Info.plist */ = {isa = PBXFileReference; includeInIndex = 1; lastKnownFileType = text.plist.xml; path = Info.plist; sourceTree = "<group>"; };
		D99DE3DB436233B96B95AC39 /* Foundation.framework */ = {isa = PBXFileReference; lastKnownFileType = wrapper.framework; name = Foundation.framework; path = Platforms/iPhoneOS.platform/Developer/SDKs/iPhoneOS14.0.sdk/System/Library/Frameworks/Foundation.framework; sourceTree = DEVELOPER_DIR; };
		F4F40CA5C426751286414424 /* MetronomeView.swift */ = {isa = PBXFileReference; includeInIndex = 1; lastKnownFileType = sourcecode.swift; path = MetronomeView.swift; sourceTree = "<group>"; };
/* End PBXFileReference section */

/* Begin PBXFrameworksBuildPhase section */
		73D8D90D723DC38D292CC206 /* Frameworks */ = {
			isa = PBXFrameworksBuildPhase;
			buildActionMask = 2147483647;
			files = (
				DD4B2548F39D56DAADE1CEA0 /* Foundation.framework in Frameworks */,
			);
			runOnlyForDeploymentPostprocessing = 0;
		};
/* End PBXFrameworksBuildPhase section */

/* Begin PBXGroup section */
		099986D797210D3CCA39BA75 = {
			isa = PBXGroup;
			children = (
				C1221FF9DEE661F7B0C2A45A /* Products */,
				EAE15BCAA55957BC4139B904 /* Frameworks */,
				BFB1A21159285EBC01ED8C07 /* Metrom */,
			);
			sourceTree = "<group>";
		};
		BFB1A21159285EBC01ED8C07 /* Metrom */ = {
			isa = PBXGroup;
			children = (
				507B13090253BE4AD08B5BC9 /* AVAudioPcmSink.swift */,
				4534A0430743EA8E3920607B /* ListenDebugPanel.swift */,
				A0C79EBA46BA9FBD4D2F201A /* MetromApp.swift */,
				57D6B023984F70BA941DCDB4 /* MetromTheme.swift */,
				59C73F15F0BCC187274E21CD /* MetronomeBridge.swift */,
				F4F40CA5C426751286414424 /* MetronomeView.swift */,
				C5CCEB7FB01F2AA6F8D2B3CF /* SettingsView.swift */,
				C6EE5003A39EC84B4CDCFCAE /* ThemeEditor.swift */,
				A692CF1E202AE7EAF2CBAF62 /* tones */,
				907CD3E79D1CE55DC8736E4D /* Assets.xcassets */,
				D5C7F959B0AD5831A3B7DA5F /* Info.plist */,
			);
			name = Metrom;
			path = Metrom;
			sourceTree = "<group>";
		};
		C1221FF9DEE661F7B0C2A45A /* Products */ = {
			isa = PBXGroup;
			children = (
				C0EF6CEB190B95DCD324C951 /* Metrom.app */,
			);
			name = Products;
			sourceTree = "<group>";
		};
		EAE15BCAA55957BC4139B904 /* Frameworks */ = {
			isa = PBXGroup;
			children = (
				F909950530020AC5D321F39D /* iOS */,
			);
			name = Frameworks;
			sourceTree = "<group>";
		};
		F909950530020AC5D321F39D /* iOS */ = {
			isa = PBXGroup;
			children = (
				D99DE3DB436233B96B95AC39 /* Foundation.framework */,
			);
			name = iOS;
			sourceTree = "<group>";
		};
/* End PBXGroup section */

/* Begin PBXNativeTarget section */
		B62505622077DBCA5660ECFD /* Metrom */ = {
			isa = PBXNativeTarget;
			buildConfigurationList = 6CD0A8D7A3EB75A5E57972F3 /* Build configuration list for PBXNativeTarget "Metrom" */;
			buildPhases = (
				5F7A2A8CA1E4FF37E14C15AB /* Compile MetromShared */,
				0DA758362D920BE684863860 /* Sources */,
				73D8D90D723DC38D292CC206 /* Frameworks */,
				C1BDA9165BC8677580AEAA1E /* Resources */,
			);
			buildRules = (
			);
			dependencies = (
			);
			name = Metrom;
			productName = Metrom;
			productReference = C0EF6CEB190B95DCD324C951 /* Metrom.app */;
			productType = "com.apple.product-type.application";
		};
/* End PBXNativeTarget section */

/* Begin PBXProject section */
		F319370CF31E2CFB34F2848F /* Project object */ = {
			isa = PBXProject;
			attributes = {
				LastSwiftUpdateCheck = 1100;
				LastUpgradeCheck = 1100;
			};
			buildConfigurationList = A6E1262CD19827B023CEFC65 /* Build configuration list for PBXProject "Metrom" */;
			compatibilityVersion = "Xcode 3.2";
			developmentRegion = en;
			hasScannedForEncodings = 0;
			knownRegions = (
				en,
				Base,
			);
			mainGroup = 099986D797210D3CCA39BA75;
			productRefGroup = C1221FF9DEE661F7B0C2A45A /* Products */;
			projectDirPath = "";
			projectRoot = "";
			targets = (
				B62505622077DBCA5660ECFD /* Metrom */,
			);
		};
/* End PBXProject section */

/* Begin PBXResourcesBuildPhase section */
		C1BDA9165BC8677580AEAA1E /* Resources */ = {
			isa = PBXResourcesBuildPhase;
			buildActionMask = 2147483647;
			files = (
				C4994913DB1B2CB259CB2043 /* tones in Resources */,
				24BB8802DFB1AC2F97E544EC /* Assets.xcassets in Resources */,
			);
			runOnlyForDeploymentPostprocessing = 0;
		};
/* End PBXResourcesBuildPhase section */

/* Begin PBXShellScriptBuildPhase section */
		5F7A2A8CA1E4FF37E14C15AB /* Compile MetromShared */ = {
			isa = PBXShellScriptBuildPhase;
			alwaysOutOfDate = 1;
			buildActionMask = 2147483647;
			files = (
			);
			inputFileListPaths = (
			);
			inputPaths = (
			);
			name = "Compile MetromShared";
			outputFileListPaths = (
			);
			outputPaths = (
			);
			runOnlyForDeploymentPostprocessing = 0;
			shellPath = /bin/bash;
			shellScript = "set -euo pipefail\nexport DEVELOPER_DIR=\"${DEVELOPER_DIR:-/Applications/Xcode.app/Contents/Developer}\"\nexport JAVA_HOME=\"${JAVA_HOME:-$(/usr/libexec/java_home 2>/dev/null || true)}\"\ncd \"$SRCROOT/..\"\n\nif [[ \"${PLATFORM_NAME:-}\" == *simulator* ]]; then\n  FRAME=\"$SRCROOT/../shared/build/bin/iosSimulatorArm64/debugFramework/MetromShared.framework\"\n  GRADLE_TASK=\":shared:linkDebugFrameworkIosSimulatorArm64\"\nelif [[ \"${CONFIGURATION:-}\" == \"Release\" ]]; then\n  FRAME=\"$SRCROOT/../shared/build/bin/iosArm64/releaseFramework/MetromShared.framework\"\n  GRADLE_TASK=\":shared:linkReleaseFrameworkIosArm64\"\nelse\n  FRAME=\"$SRCROOT/../shared/build/bin/iosArm64/debugFramework/MetromShared.framework\"\n  GRADLE_TASK=\":shared:linkDebugFrameworkIosArm64\"\nfi\n\nif [[ ! -d \"$FRAME\" ]]; then\n  ./gradlew -p . \"$GRADLE_TASK\"\nfi\nif [[ ! -d \"$FRAME\" ]]; then\n  echo \"error: MetromShared.framework missing at $FRAME\" >&2\n  exit 1\nfi\necho \"Using $FRAME (link only — not embedded)\"\n";
		};
/* End PBXShellScriptBuildPhase section */

/* Begin PBXSourcesBuildPhase section */
		0DA758362D920BE684863860 /* Sources */ = {
			isa = PBXSourcesBuildPhase;
			buildActionMask = 2147483647;
			files = (
				5DD2EFE00FC63886459EDF69 /* AVAudioPcmSink.swift in Sources */,
				BFDE8B58C4A9AAC81EC5C5C5 /* ListenDebugPanel.swift in Sources */,
				FB1CD5F6EEF7DC6B6C31BFAF /* MetromApp.swift in Sources */,
				0917A271C1D35A505586FB61 /* MetromTheme.swift in Sources */,
				76D999A96C99E788A0E30820 /* MetronomeBridge.swift in Sources */,
				69C8E1EE860B21202F5242A6 /* MetronomeView.swift in Sources */,
				E5B23B872773FEBAE04E0520 /* SettingsView.swift in Sources */,
				5F90DFE651B7ACC21E36AEE8 /* ThemeEditor.swift in Sources */,
			);
			runOnlyForDeploymentPostprocessing = 0;
		};
/* End PBXSourcesBuildPhase section */

/* Begin XCBuildConfiguration section */
		352147D346DC86EB02D6995B /* Debug */ = {
			isa = XCBuildConfiguration;
			buildSettings = {
				ALWAYS_SEARCH_USER_PATHS = NO;
				ASSETCATALOG_COMPILER_APPICON_NAME = AppIcon;
				ASSETCATALOG_COMPILER_GLOBAL_ACCENT_COLOR_NAME = AccentColor;
				CLANG_ENABLE_MODULES = YES;
				CLANG_ENABLE_OBJC_WEAK = NO;
				CODE_SIGN_STYLE = Automatic;
				CURRENT_PROJECT_VERSION = 1;
				DEVELOPMENT_TEAM = M3C8F32WA5;
				ENABLE_DEBUG_DYLIB = NO;
				ENABLE_PREVIEWS = NO;
				"FRAMEWORK_SEARCH_PATHS[sdk=iphoneos*]" = (
					"$(inherited)",
					"\"$(SRCROOT)/../shared/build/bin/iosArm64/releaseFramework\"",
					"\"$(SRCROOT)/../shared/build/bin/iosArm64/debugFramework\"",
				);
				"FRAMEWORK_SEARCH_PATHS[sdk=iphonesimulator*]" = (
					"$(inherited)",
					"\"$(SRCROOT)/../shared/build/bin/iosSimulatorArm64/debugFramework\"",
				);
				GENERATE_INFOPLIST_FILE = NO;
				INFOPLIST_FILE = Metrom/Info.plist;
				IPHONEOS_DEPLOYMENT_TARGET = 16.0;
				LD_RUNPATH_SEARCH_PATHS = "$(inherited) @executable_path/Frameworks";
				MARKETING_VERSION = 1.0;
				OTHER_LDFLAGS = (
					"$(inherited)",
					"-framework",
					MetromShared,
				);
				PRODUCT_BUNDLE_IDENTIFIER = com.metrom.app;
				PRODUCT_NAME = Metrom;
				SDKROOT = iphoneos;
				SWIFT_VERSION = 5.0;
				TARGETED_DEVICE_FAMILY = "1,2";
			};
			name = Debug;
		};
		43CBAA1FF74C4977DC255F0C /* Release */ = {
			isa = XCBuildConfiguration;
			buildSettings = {
				ALWAYS_SEARCH_USER_PATHS = NO;
				CLANG_ANALYZER_NONNULL = YES;
				CLANG_ANALYZER_NUMBER_OBJECT_CONVERSION = YES_AGGRESSIVE;
				CLANG_CXX_LANGUAGE_STANDARD = "gnu++14";
				CLANG_CXX_LIBRARY = "libc++";
				CLANG_ENABLE_MODULES = YES;
				CLANG_ENABLE_OBJC_ARC = YES;
				CLANG_ENABLE_OBJC_WEAK = YES;
				CLANG_WARN_BLOCK_CAPTURE_AUTORELEASING = YES;
				CLANG_WARN_BOOL_CONVERSION = YES;
				CLANG_WARN_COMMA = YES;
				CLANG_WARN_CONSTANT_CONVERSION = YES;
				CLANG_WARN_DEPRECATED_OBJC_IMPLEMENTATIONS = YES;
				CLANG_WARN_DIRECT_OBJC_ISA_USAGE = YES_ERROR;
				CLANG_WARN_DOCUMENTATION_COMMENTS = YES;
				CLANG_WARN_EMPTY_BODY = YES;
				CLANG_WARN_ENUM_CONVERSION = YES;
				CLANG_WARN_INFINITE_RECURSION = YES;
				CLANG_WARN_INT_CONVERSION = YES;
				CLANG_WARN_NON_LITERAL_NULL_CONVERSION = YES;
				CLANG_WARN_OBJC_IMPLICIT_RETAIN_SELF = YES;
				CLANG_WARN_OBJC_LITERAL_CONVERSION = YES;
				CLANG_WARN_OBJC_ROOT_CLASS = YES_ERROR;
				CLANG_WARN_QUOTED_INCLUDE_IN_FRAMEWORK_HEADER = YES;
				CLANG_WARN_RANGE_LOOP_ANALYSIS = YES;
				CLANG_WARN_STRICT_PROTOTYPES = YES;
				CLANG_WARN_SUSPICIOUS_MOVE = YES;
				CLANG_WARN_UNGUARDED_AVAILABILITY = YES_AGGRESSIVE;
				CLANG_WARN_UNREACHABLE_CODE = YES;
				CLANG_WARN__DUPLICATE_METHOD_MATCH = YES;
				COPY_PHASE_STRIP = NO;
				DEBUG_INFORMATION_FORMAT = "dwarf-with-dsym";
				ENABLE_NS_ASSERTIONS = NO;
				ENABLE_STRICT_OBJC_MSGSEND = YES;
				GCC_C_LANGUAGE_STANDARD = gnu11;
				GCC_NO_COMMON_BLOCKS = YES;
				GCC_WARN_64_TO_32_BIT_CONVERSION = YES;
				GCC_WARN_ABOUT_RETURN_TYPE = YES_ERROR;
				GCC_WARN_UNDECLARED_SELECTOR = YES;
				GCC_WARN_UNINITIALIZED_AUTOS = YES_AGGRESSIVE;
				GCC_WARN_UNUSED_FUNCTION = YES;
				GCC_WARN_UNUSED_VARIABLE = YES;
				IPHONEOS_DEPLOYMENT_TARGET = 16.0;
				MTL_ENABLE_DEBUG_INFO = NO;
				MTL_FAST_MATH = YES;
				PRODUCT_NAME = "$(TARGET_NAME)";
				SDKROOT = iphoneos;
				SWIFT_COMPILATION_MODE = wholemodule;
				SWIFT_OPTIMIZATION_LEVEL = "-O";
				SWIFT_VERSION = 5.0;
			};
			name = Release;
		};
		5361C0DD44C752DD2E29592E /* Release */ = {
			isa = XCBuildConfiguration;
			buildSettings = {
				ALWAYS_SEARCH_USER_PATHS = NO;
				ASSETCATALOG_COMPILER_APPICON_NAME = AppIcon;
				ASSETCATALOG_COMPILER_GLOBAL_ACCENT_COLOR_NAME = AccentColor;
				CLANG_ENABLE_MODULES = YES;
				CLANG_ENABLE_OBJC_WEAK = NO;
				CODE_SIGN_IDENTITY = "Apple Distribution";
				"CODE_SIGN_IDENTITY[sdk=iphoneos*]" = "Apple Distribution";
				CODE_SIGN_STYLE = Manual;
				CURRENT_PROJECT_VERSION = 1;
				DEVELOPMENT_TEAM = M3C8F32WA5;
				ENABLE_DEBUG_DYLIB = NO;
				ENABLE_PREVIEWS = NO;
				"FRAMEWORK_SEARCH_PATHS[sdk=iphoneos*]" = (
					"$(inherited)",
					"\"$(SRCROOT)/../shared/build/bin/iosArm64/releaseFramework\"",
					"\"$(SRCROOT)/../shared/build/bin/iosArm64/debugFramework\"",
				);
				"FRAMEWORK_SEARCH_PATHS[sdk=iphonesimulator*]" = (
					"$(inherited)",
					"\"$(SRCROOT)/../shared/build/bin/iosSimulatorArm64/debugFramework\"",
				);
				GENERATE_INFOPLIST_FILE = NO;
				INFOPLIST_FILE = Metrom/Info.plist;
				IPHONEOS_DEPLOYMENT_TARGET = 16.0;
				LD_RUNPATH_SEARCH_PATHS = "$(inherited) @executable_path/Frameworks";
				MARKETING_VERSION = 1.0;
				OTHER_LDFLAGS = (
					"$(inherited)",
					"-framework",
					MetromShared,
				);
				PRODUCT_BUNDLE_IDENTIFIER = com.metrom.app;
				PRODUCT_NAME = Metrom;
				PROVISIONING_PROFILE_SPECIFIER = "Metrom App Store";
				SDKROOT = iphoneos;
				SWIFT_VERSION = 5.0;
				TARGETED_DEVICE_FAMILY = "1,2";
				VALIDATE_PRODUCT = YES;
			};
			name = Release;
		};
		BF98E4AE64B7890A7F2AB733 /* Debug */ = {
			isa = XCBuildConfiguration;
			buildSettings = {
				ALWAYS_SEARCH_USER_PATHS = NO;
				CLANG_ANALYZER_NONNULL = YES;
				CLANG_ANALYZER_NUMBER_OBJECT_CONVERSION = YES_AGGRESSIVE;
				CLANG_CXX_LANGUAGE_STANDARD = "gnu++14";
				CLANG_CXX_LIBRARY = "libc++";
				CLANG_ENABLE_MODULES = YES;
				CLANG_ENABLE_OBJC_ARC = YES;
				CLANG_ENABLE_OBJC_WEAK = YES;
				CLANG_WARN_BLOCK_CAPTURE_AUTORELEASING = YES;
				CLANG_WARN_BOOL_CONVERSION = YES;
				CLANG_WARN_COMMA = YES;
				CLANG_WARN_CONSTANT_CONVERSION = YES;
				CLANG_WARN_DEPRECATED_OBJC_IMPLEMENTATIONS = YES;
				CLANG_WARN_DIRECT_OBJC_ISA_USAGE = YES_ERROR;
				CLANG_WARN_DOCUMENTATION_COMMENTS = YES;
				CLANG_WARN_EMPTY_BODY = YES;
				CLANG_WARN_ENUM_CONVERSION = YES;
				CLANG_WARN_INFINITE_RECURSION = YES;
				CLANG_WARN_INT_CONVERSION = YES;
				CLANG_WARN_NON_LITERAL_NULL_CONVERSION = YES;
				CLANG_WARN_OBJC_IMPLICIT_RETAIN_SELF = YES;
				CLANG_WARN_OBJC_LITERAL_CONVERSION = YES;
				CLANG_WARN_OBJC_ROOT_CLASS = YES_ERROR;
				CLANG_WARN_QUOTED_INCLUDE_IN_FRAMEWORK_HEADER = YES;
				CLANG_WARN_RANGE_LOOP_ANALYSIS = YES;
				CLANG_WARN_STRICT_PROTOTYPES = YES;
				CLANG_WARN_SUSPICIOUS_MOVE = YES;
				CLANG_WARN_UNGUARDED_AVAILABILITY = YES_AGGRESSIVE;
				CLANG_WARN_UNREACHABLE_CODE = YES;
				CLANG_WARN__DUPLICATE_METHOD_MATCH = YES;
				COPY_PHASE_STRIP = NO;
				DEBUG_INFORMATION_FORMAT = dwarf;
				ENABLE_STRICT_OBJC_MSGSEND = YES;
				ENABLE_TESTABILITY = YES;
				GCC_C_LANGUAGE_STANDARD = gnu11;
				GCC_DYNAMIC_NO_PIC = NO;
				GCC_NO_COMMON_BLOCKS = YES;
				GCC_OPTIMIZATION_LEVEL = 0;
				GCC_PREPROCESSOR_DEFINITIONS = (
					"DEBUG=1",
					"$(inherited)",
				);
				GCC_WARN_64_TO_32_BIT_CONVERSION = YES;
				GCC_WARN_ABOUT_RETURN_TYPE = YES_ERROR;
				GCC_WARN_UNDECLARED_SELECTOR = YES;
				GCC_WARN_UNINITIALIZED_AUTOS = YES_AGGRESSIVE;
				GCC_WARN_UNUSED_FUNCTION = YES;
				GCC_WARN_UNUSED_VARIABLE = YES;
				IPHONEOS_DEPLOYMENT_TARGET = 16.0;
				MTL_ENABLE_DEBUG_INFO = INCLUDE_SOURCE;
				MTL_FAST_MATH = YES;
				ONLY_ACTIVE_ARCH = YES;
				PRODUCT_NAME = "$(TARGET_NAME)";
				SDKROOT = iphoneos;
				SWIFT_ACTIVE_COMPILATION_CONDITIONS = DEBUG;
				SWIFT_OPTIMIZATION_LEVEL = "-Onone";
				SWIFT_VERSION = 5.0;
			};
			name = Debug;
		};
/* End XCBuildConfiguration section */

/* Begin XCConfigurationList section */
		6CD0A8D7A3EB75A5E57972F3 /* Build configuration list for PBXNativeTarget "Metrom" */ = {
			isa = XCConfigurationList;
			buildConfigurations = (
				5361C0DD44C752DD2E29592E /* Release */,
				352147D346DC86EB02D6995B /* Debug */,
			);
			defaultConfigurationIsVisible = 0;
			defaultConfigurationName = Release;
		};
		A6E1262CD19827B023CEFC65 /* Build configuration list for PBXProject "Metrom" */ = {
			isa = XCConfigurationList;
			buildConfigurations = (
				BF98E4AE64B7890A7F2AB733 /* Debug */,
				43CBAA1FF74C4977DC255F0C /* Release */,
			);
			defaultConfigurationIsVisible = 0;
			defaultConfigurationName = Release;
		};
/* End XCConfigurationList section */
	};
	rootObject = F319370CF31E2CFB34F2848F /* Project object */;
}
