// !$*UTF8*$!
{
	archiveVersion = 1;
	classes = {
	};
	objectVersion = 46;
	objects = {

/* Begin PBXBuildFile section */
		197557AB9146BBC0A3D43D0F /* MetromTheme.swift in Sources */ = {isa = PBXBuildFile; fileRef = 40CBF962736A230E32E701D7 /* MetromTheme.swift */; };
		1C6EB65554C9A9435F7AED08 /* MetronomeView.swift in Sources */ = {isa = PBXBuildFile; fileRef = C902AE08B3604E194D476A81 /* MetronomeView.swift */; };
		400769D160DAB3DC4CF1D401 /* MetronomeBridge.swift in Sources */ = {isa = PBXBuildFile; fileRef = B755B63570F4125B33DA82E8 /* MetronomeBridge.swift */; };
		60F441B6F114AAF2C582E777 /* AVAudioPcmSink.swift in Sources */ = {isa = PBXBuildFile; fileRef = 7BA9954A1EC15A643B8F7F2D /* AVAudioPcmSink.swift */; };
		8A200F9236956244695171A3 /* tones in Resources */ = {isa = PBXBuildFile; fileRef = 8F2737CE52C9E2CD6A6572E4 /* tones */; };
		91207B60E666078945884BCC /* Assets.xcassets in Resources */ = {isa = PBXBuildFile; fileRef = 58AB023F704A1BD290388DB9 /* Assets.xcassets */; };
		C02428C5B4DE93DD401D8ACE /* Foundation.framework in Frameworks */ = {isa = PBXBuildFile; fileRef = 5A8DD9C612A0A35A1A0F269D /* Foundation.framework */; };
		D12B845565FEC70A258E80A4 /* MetromApp.swift in Sources */ = {isa = PBXBuildFile; fileRef = 0406FF4E3041EEE06457619A /* MetromApp.swift */; };
/* End PBXBuildFile section */

/* Begin PBXFileReference section */
		0406FF4E3041EEE06457619A /* MetromApp.swift */ = {isa = PBXFileReference; includeInIndex = 1; lastKnownFileType = sourcecode.swift; path = MetromApp.swift; sourceTree = "<group>"; };
		17FF531E12889E14930F0404 /* Metrom.app */ = {isa = PBXFileReference; explicitFileType = wrapper.application; includeInIndex = 0; path = Metrom.app; sourceTree = BUILT_PRODUCTS_DIR; };
		40CBF962736A230E32E701D7 /* MetromTheme.swift */ = {isa = PBXFileReference; includeInIndex = 1; lastKnownFileType = sourcecode.swift; path = MetromTheme.swift; sourceTree = "<group>"; };
		58AB023F704A1BD290388DB9 /* Assets.xcassets */ = {isa = PBXFileReference; includeInIndex = 1; lastKnownFileType = folder.assetcatalog; path = Assets.xcassets; sourceTree = "<group>"; };
		5A8DD9C612A0A35A1A0F269D /* Foundation.framework */ = {isa = PBXFileReference; lastKnownFileType = wrapper.framework; name = Foundation.framework; path = Platforms/iPhoneOS.platform/Developer/SDKs/iPhoneOS14.0.sdk/System/Library/Frameworks/Foundation.framework; sourceTree = DEVELOPER_DIR; };
		7BA9954A1EC15A643B8F7F2D /* AVAudioPcmSink.swift */ = {isa = PBXFileReference; includeInIndex = 1; lastKnownFileType = sourcecode.swift; path = AVAudioPcmSink.swift; sourceTree = "<group>"; };
		8F2737CE52C9E2CD6A6572E4 /* tones */ = {isa = PBXFileReference; includeInIndex = 0; lastKnownFileType = folder; name = tones; path = Resources/tones; sourceTree = "<group>"; };
		B755B63570F4125B33DA82E8 /* MetronomeBridge.swift */ = {isa = PBXFileReference; includeInIndex = 1; lastKnownFileType = sourcecode.swift; path = MetronomeBridge.swift; sourceTree = "<group>"; };
		C902AE08B3604E194D476A81 /* MetronomeView.swift */ = {isa = PBXFileReference; includeInIndex = 1; lastKnownFileType = sourcecode.swift; path = MetronomeView.swift; sourceTree = "<group>"; };
		D087B709006F39544CF0E5AA /* Info.plist */ = {isa = PBXFileReference; includeInIndex = 1; lastKnownFileType = text.plist.xml; path = Info.plist; sourceTree = "<group>"; };
/* End PBXFileReference section */

/* Begin PBXFrameworksBuildPhase section */
		E6DFBFF10E8DB1035D47EAA8 /* Frameworks */ = {
			isa = PBXFrameworksBuildPhase;
			buildActionMask = 2147483647;
			files = (
				C02428C5B4DE93DD401D8ACE /* Foundation.framework in Frameworks */,
			);
			runOnlyForDeploymentPostprocessing = 0;
		};
/* End PBXFrameworksBuildPhase section */

/* Begin PBXGroup section */
		347FEB5D78B8A32D32282E05 /* iOS */ = {
			isa = PBXGroup;
			children = (
				5A8DD9C612A0A35A1A0F269D /* Foundation.framework */,
			);
			name = iOS;
			sourceTree = "<group>";
		};
		3528CC0C1A048DCB145CE46D /* Frameworks */ = {
			isa = PBXGroup;
			children = (
				347FEB5D78B8A32D32282E05 /* iOS */,
			);
			name = Frameworks;
			sourceTree = "<group>";
		};
		6DE6095FCF6253131BDFF79E /* Metrom */ = {
			isa = PBXGroup;
			children = (
				7BA9954A1EC15A643B8F7F2D /* AVAudioPcmSink.swift */,
				0406FF4E3041EEE06457619A /* MetromApp.swift */,
				40CBF962736A230E32E701D7 /* MetromTheme.swift */,
				B755B63570F4125B33DA82E8 /* MetronomeBridge.swift */,
				C902AE08B3604E194D476A81 /* MetronomeView.swift */,
				8F2737CE52C9E2CD6A6572E4 /* tones */,
				58AB023F704A1BD290388DB9 /* Assets.xcassets */,
				D087B709006F39544CF0E5AA /* Info.plist */,
			);
			name = Metrom;
			path = Metrom;
			sourceTree = "<group>";
		};
		CBDF0D4D23D767B328544D8B /* Products */ = {
			isa = PBXGroup;
			children = (
				17FF531E12889E14930F0404 /* Metrom.app */,
			);
			name = Products;
			sourceTree = "<group>";
		};
		E65F11DB20E48B0DE44E7A42 = {
			isa = PBXGroup;
			children = (
				CBDF0D4D23D767B328544D8B /* Products */,
				3528CC0C1A048DCB145CE46D /* Frameworks */,
				6DE6095FCF6253131BDFF79E /* Metrom */,
			);
			sourceTree = "<group>";
		};
/* End PBXGroup section */

/* Begin PBXNativeTarget section */
		AF979F8EEB04F79EB901C0C6 /* Metrom */ = {
			isa = PBXNativeTarget;
			buildConfigurationList = 6042E7EC2D0CF5DA198F1A60 /* Build configuration list for PBXNativeTarget "Metrom" */;
			buildPhases = (
				CCFB782832306B7B1389942B /* Compile MetromShared */,
				C58D03CB03D47758C1330A85 /* Sources */,
				E6DFBFF10E8DB1035D47EAA8 /* Frameworks */,
				E986D85C3A64EC3DFA609F45 /* Resources */,
			);
			buildRules = (
			);
			dependencies = (
			);
			name = Metrom;
			productName = Metrom;
			productReference = 17FF531E12889E14930F0404 /* Metrom.app */;
			productType = "com.apple.product-type.application";
		};
/* End PBXNativeTarget section */

/* Begin PBXProject section */
		294DE832A09CC2FD7A6334EE /* Project object */ = {
			isa = PBXProject;
			attributes = {
				LastSwiftUpdateCheck = 1100;
				LastUpgradeCheck = 1100;
			};
			buildConfigurationList = BB6A78C86CE5F931A5D143F9 /* Build configuration list for PBXProject "Metrom" */;
			compatibilityVersion = "Xcode 3.2";
			developmentRegion = en;
			hasScannedForEncodings = 0;
			knownRegions = (
				en,
				Base,
			);
			mainGroup = E65F11DB20E48B0DE44E7A42;
			productRefGroup = CBDF0D4D23D767B328544D8B /* Products */;
			projectDirPath = "";
			projectRoot = "";
			targets = (
				AF979F8EEB04F79EB901C0C6 /* Metrom */,
			);
		};
/* End PBXProject section */

/* Begin PBXResourcesBuildPhase section */
		E986D85C3A64EC3DFA609F45 /* Resources */ = {
			isa = PBXResourcesBuildPhase;
			buildActionMask = 2147483647;
			files = (
				8A200F9236956244695171A3 /* tones in Resources */,
				91207B60E666078945884BCC /* Assets.xcassets in Resources */,
			);
			runOnlyForDeploymentPostprocessing = 0;
		};
/* End PBXResourcesBuildPhase section */

/* Begin PBXShellScriptBuildPhase section */
		CCFB782832306B7B1389942B /* Compile MetromShared */ = {
			isa = PBXShellScriptBuildPhase;
			alwaysOutOfDate = 1;
			buildActionMask = 2147483647;
			files = (
			);
			inputFileListPaths = (
			);
			inputPaths = (
			);
			name = "Compile MetromShared";
			outputFileListPaths = (
			);
			outputPaths = (
			);
			runOnlyForDeploymentPostprocessing = 0;
			shellPath = /bin/bash;
			shellScript = "set -euo pipefail\nexport DEVELOPER_DIR=\"${DEVELOPER_DIR:-/Applications/Xcode.app/Contents/Developer}\"\nexport JAVA_HOME=\"${JAVA_HOME:-$(/usr/libexec/java_home 2>/dev/null || true)}\"\ncd \"$SRCROOT/..\"\n\nif [[ \"${PLATFORM_NAME:-}\" == *simulator* ]]; then\n  FRAME=\"$SRCROOT/../shared/build/bin/iosSimulatorArm64/debugFramework/MetromShared.framework\"\n  GRADLE_TASK=\":shared:linkDebugFrameworkIosSimulatorArm64\"\nelif [[ \"${CONFIGURATION:-}\" == \"Release\" ]]; then\n  FRAME=\"$SRCROOT/../shared/build/bin/iosArm64/releaseFramework/MetromShared.framework\"\n  GRADLE_TASK=\":shared:linkReleaseFrameworkIosArm64\"\nelse\n  FRAME=\"$SRCROOT/../shared/build/bin/iosArm64/debugFramework/MetromShared.framework\"\n  GRADLE_TASK=\":shared:linkDebugFrameworkIosArm64\"\nfi\n\nif [[ ! -d \"$FRAME\" ]]; then\n  ./gradlew -p . \"$GRADLE_TASK\"\nfi\nif [[ ! -d \"$FRAME\" ]]; then\n  echo \"error: MetromShared.framework missing at $FRAME\" >&2\n  exit 1\nfi\necho \"Using $FRAME (link only — not embedded)\"\n";
		};
/* End PBXShellScriptBuildPhase section */

/* Begin PBXSourcesBuildPhase section */
		C58D03CB03D47758C1330A85 /* Sources */ = {
			isa = PBXSourcesBuildPhase;
			buildActionMask = 2147483647;
			files = (
				60F441B6F114AAF2C582E777 /* AVAudioPcmSink.swift in Sources */,
				D12B845565FEC70A258E80A4 /* MetromApp.swift in Sources */,
				197557AB9146BBC0A3D43D0F /* MetromTheme.swift in Sources */,
				400769D160DAB3DC4CF1D401 /* MetronomeBridge.swift in Sources */,
				1C6EB65554C9A9435F7AED08 /* MetronomeView.swift in Sources */,
			);
			runOnlyForDeploymentPostprocessing = 0;
		};
/* End PBXSourcesBuildPhase section */

/* Begin XCBuildConfiguration section */
		00EA1E95F5046B97D013436F /* Debug */ = {
			isa = XCBuildConfiguration;
			buildSettings = {
				ALWAYS_SEARCH_USER_PATHS = NO;
				ASSETCATALOG_COMPILER_APPICON_NAME = AppIcon;
				ASSETCATALOG_COMPILER_GLOBAL_ACCENT_COLOR_NAME = AccentColor;
				CLANG_ENABLE_MODULES = YES;
				CLANG_ENABLE_OBJC_WEAK = NO;
				CODE_SIGN_STYLE = Automatic;
				CURRENT_PROJECT_VERSION = 1;
				DEVELOPMENT_TEAM = M3C8F32WA5;
				ENABLE_DEBUG_DYLIB = NO;
				ENABLE_PREVIEWS = NO;
				"FRAMEWORK_SEARCH_PATHS[sdk=iphoneos*]" = (
					"$(inherited)",
					"\"$(SRCROOT)/../shared/build/bin/iosArm64/releaseFramework\"",
					"\"$(SRCROOT)/../shared/build/bin/iosArm64/debugFramework\"",
				);
				"FRAMEWORK_SEARCH_PATHS[sdk=iphonesimulator*]" = (
					"$(inherited)",
					"\"$(SRCROOT)/../shared/build/bin/iosSimulatorArm64/debugFramework\"",
				);
				GENERATE_INFOPLIST_FILE = NO;
				INFOPLIST_FILE = Metrom/Info.plist;
				IPHONEOS_DEPLOYMENT_TARGET = 16.0;
				LD_RUNPATH_SEARCH_PATHS = "$(inherited) @executable_path/Frameworks";
				MARKETING_VERSION = 1.0;
				OTHER_LDFLAGS = (
					"$(inherited)",
					"-framework",
					MetromShared,
				);
				PRODUCT_BUNDLE_IDENTIFIER = com.metrom.app;
				PRODUCT_NAME = Metrom;
				SDKROOT = iphoneos;
				SWIFT_VERSION = 5.0;
				TARGETED_DEVICE_FAMILY = "1,2";
			};
			name = Debug;
		};
		2246CD8E02B6CF8B9C3E1ADF /* Release */ = {
			isa = XCBuildConfiguration;
			buildSettings = {
				ALWAYS_SEARCH_USER_PATHS = NO;
				ASSETCATALOG_COMPILER_APPICON_NAME = AppIcon;
				ASSETCATALOG_COMPILER_GLOBAL_ACCENT_COLOR_NAME = AccentColor;
				CLANG_ENABLE_MODULES = YES;
				CLANG_ENABLE_OBJC_WEAK = NO;
				CODE_SIGN_IDENTITY = "Apple Distribution";
				"CODE_SIGN_IDENTITY[sdk=iphoneos*]" = "Apple Distribution";
				CODE_SIGN_STYLE = Manual;
				CURRENT_PROJECT_VERSION = 1;
				DEVELOPMENT_TEAM = M3C8F32WA5;
				ENABLE_DEBUG_DYLIB = NO;
				ENABLE_PREVIEWS = NO;
				"FRAMEWORK_SEARCH_PATHS[sdk=iphoneos*]" = (
					"$(inherited)",
					"\"$(SRCROOT)/../shared/build/bin/iosArm64/releaseFramework\"",
					"\"$(SRCROOT)/../shared/build/bin/iosArm64/debugFramework\"",
				);
				"FRAMEWORK_SEARCH_PATHS[sdk=iphonesimulator*]" = (
					"$(inherited)",
					"\"$(SRCROOT)/../shared/build/bin/iosSimulatorArm64/debugFramework\"",
				);
				GENERATE_INFOPLIST_FILE = NO;
				INFOPLIST_FILE = Metrom/Info.plist;
				IPHONEOS_DEPLOYMENT_TARGET = 16.0;
				LD_RUNPATH_SEARCH_PATHS = "$(inherited) @executable_path/Frameworks";
				MARKETING_VERSION = 1.0;
				OTHER_LDFLAGS = (
					"$(inherited)",
					"-framework",
					MetromShared,
				);
				PRODUCT_BUNDLE_IDENTIFIER = com.metrom.app;
				PRODUCT_NAME = Metrom;
				PROVISIONING_PROFILE_SPECIFIER = "Metrom App Store";
				SDKROOT = iphoneos;
				SWIFT_VERSION = 5.0;
				TARGETED_DEVICE_FAMILY = "1,2";
				VALIDATE_PRODUCT = YES;
			};
			name = Release;
		};
		859A13CA161A60E9925642A8 /* Debug */ = {
			isa = XCBuildConfiguration;
			buildSettings = {
				ALWAYS_SEARCH_USER_PATHS = NO;
				CLANG_ANALYZER_NONNULL = YES;
				CLANG_ANALYZER_NUMBER_OBJECT_CONVERSION = YES_AGGRESSIVE;
				CLANG_CXX_LANGUAGE_STANDARD = "gnu++14";
				CLANG_CXX_LIBRARY = "libc++";
				CLANG_ENABLE_MODULES = YES;
				CLANG_ENABLE_OBJC_ARC = YES;
				CLANG_ENABLE_OBJC_WEAK = YES;
				CLANG_WARN_BLOCK_CAPTURE_AUTORELEASING = YES;
				CLANG_WARN_BOOL_CONVERSION = YES;
				CLANG_WARN_COMMA = YES;
				CLANG_WARN_CONSTANT_CONVERSION = YES;
				CLANG_WARN_DEPRECATED_OBJC_IMPLEMENTATIONS = YES;
				CLANG_WARN_DIRECT_OBJC_ISA_USAGE = YES_ERROR;
				CLANG_WARN_DOCUMENTATION_COMMENTS = YES;
				CLANG_WARN_EMPTY_BODY = YES;
				CLANG_WARN_ENUM_CONVERSION = YES;
				CLANG_WARN_INFINITE_RECURSION = YES;
				CLANG_WARN_INT_CONVERSION = YES;
				CLANG_WARN_NON_LITERAL_NULL_CONVERSION = YES;
				CLANG_WARN_OBJC_IMPLICIT_RETAIN_SELF = YES;
				CLANG_WARN_OBJC_LITERAL_CONVERSION = YES;
				CLANG_WARN_OBJC_ROOT_CLASS = YES_ERROR;
				CLANG_WARN_QUOTED_INCLUDE_IN_FRAMEWORK_HEADER = YES;
				CLANG_WARN_RANGE_LOOP_ANALYSIS = YES;
				CLANG_WARN_STRICT_PROTOTYPES = YES;
				CLANG_WARN_SUSPICIOUS_MOVE = YES;
				CLANG_WARN_UNGUARDED_AVAILABILITY = YES_AGGRESSIVE;
				CLANG_WARN_UNREACHABLE_CODE = YES;
				CLANG_WARN__DUPLICATE_METHOD_MATCH = YES;
				COPY_PHASE_STRIP = NO;
				DEBUG_INFORMATION_FORMAT = dwarf;
				ENABLE_STRICT_OBJC_MSGSEND = YES;
				ENABLE_TESTABILITY = YES;
				GCC_C_LANGUAGE_STANDARD = gnu11;
				GCC_DYNAMIC_NO_PIC = NO;
				GCC_NO_COMMON_BLOCKS = YES;
				GCC_OPTIMIZATION_LEVEL = 0;
				GCC_PREPROCESSOR_DEFINITIONS = (
					"DEBUG=1",
					"$(inherited)",
				);
				GCC_WARN_64_TO_32_BIT_CONVERSION = YES;
				GCC_WARN_ABOUT_RETURN_TYPE = YES_ERROR;
				GCC_WARN_UNDECLARED_SELECTOR = YES;
				GCC_WARN_UNINITIALIZED_AUTOS = YES_AGGRESSIVE;
				GCC_WARN_UNUSED_FUNCTION = YES;
				GCC_WARN_UNUSED_VARIABLE = YES;
				IPHONEOS_DEPLOYMENT_TARGET = 16.0;
				MTL_ENABLE_DEBUG_INFO = INCLUDE_SOURCE;
				MTL_FAST_MATH = YES;
				ONLY_ACTIVE_ARCH = YES;
				PRODUCT_NAME = "$(TARGET_NAME)";
				SDKROOT = iphoneos;
				SWIFT_ACTIVE_COMPILATION_CONDITIONS = DEBUG;
				SWIFT_OPTIMIZATION_LEVEL = "-Onone";
				SWIFT_VERSION = 5.0;
			};
			name = Debug;
		};
		CA4893BA74C31BB4A99C7119 /* Release */ = {
			isa = XCBuildConfiguration;
			buildSettings = {
				ALWAYS_SEARCH_USER_PATHS = NO;
				CLANG_ANALYZER_NONNULL = YES;
				CLANG_ANALYZER_NUMBER_OBJECT_CONVERSION = YES_AGGRESSIVE;
				CLANG_CXX_LANGUAGE_STANDARD = "gnu++14";
				CLANG_CXX_LIBRARY = "libc++";
				CLANG_ENABLE_MODULES = YES;
				CLANG_ENABLE_OBJC_ARC = YES;
				CLANG_ENABLE_OBJC_WEAK = YES;
				CLANG_WARN_BLOCK_CAPTURE_AUTORELEASING = YES;
				CLANG_WARN_BOOL_CONVERSION = YES;
				CLANG_WARN_COMMA = YES;
				CLANG_WARN_CONSTANT_CONVERSION = YES;
				CLANG_WARN_DEPRECATED_OBJC_IMPLEMENTATIONS = YES;
				CLANG_WARN_DIRECT_OBJC_ISA_USAGE = YES_ERROR;
				CLANG_WARN_DOCUMENTATION_COMMENTS = YES;
				CLANG_WARN_EMPTY_BODY = YES;
				CLANG_WARN_ENUM_CONVERSION = YES;
				CLANG_WARN_INFINITE_RECURSION = YES;
				CLANG_WARN_INT_CONVERSION = YES;
				CLANG_WARN_NON_LITERAL_NULL_CONVERSION = YES;
				CLANG_WARN_OBJC_IMPLICIT_RETAIN_SELF = YES;
				CLANG_WARN_OBJC_LITERAL_CONVERSION = YES;
				CLANG_WARN_OBJC_ROOT_CLASS = YES_ERROR;
				CLANG_WARN_QUOTED_INCLUDE_IN_FRAMEWORK_HEADER = YES;
				CLANG_WARN_RANGE_LOOP_ANALYSIS = YES;
				CLANG_WARN_STRICT_PROTOTYPES = YES;
				CLANG_WARN_SUSPICIOUS_MOVE = YES;
				CLANG_WARN_UNGUARDED_AVAILABILITY = YES_AGGRESSIVE;
				CLANG_WARN_UNREACHABLE_CODE = YES;
				CLANG_WARN__DUPLICATE_METHOD_MATCH = YES;
				COPY_PHASE_STRIP = NO;
				DEBUG_INFORMATION_FORMAT = "dwarf-with-dsym";
				ENABLE_NS_ASSERTIONS = NO;
				ENABLE_STRICT_OBJC_MSGSEND = YES;
				GCC_C_LANGUAGE_STANDARD = gnu11;
				GCC_NO_COMMON_BLOCKS = YES;
				GCC_WARN_64_TO_32_BIT_CONVERSION = YES;
				GCC_WARN_ABOUT_RETURN_TYPE = YES_ERROR;
				GCC_WARN_UNDECLARED_SELECTOR = YES;
				GCC_WARN_UNINITIALIZED_AUTOS = YES_AGGRESSIVE;
				GCC_WARN_UNUSED_FUNCTION = YES;
				GCC_WARN_UNUSED_VARIABLE = YES;
				IPHONEOS_DEPLOYMENT_TARGET = 16.0;
				MTL_ENABLE_DEBUG_INFO = NO;
				MTL_FAST_MATH = YES;
				PRODUCT_NAME = "$(TARGET_NAME)";
				SDKROOT = iphoneos;
				SWIFT_COMPILATION_MODE = wholemodule;
				SWIFT_OPTIMIZATION_LEVEL = "-O";
				SWIFT_VERSION = 5.0;
			};
			name = Release;
		};
/* End XCBuildConfiguration section */

/* Begin XCConfigurationList section */
		6042E7EC2D0CF5DA198F1A60 /* Build configuration list for PBXNativeTarget "Metrom" */ = {
			isa = XCConfigurationList;
			buildConfigurations = (
				2246CD8E02B6CF8B9C3E1ADF /* Release */,
				00EA1E95F5046B97D013436F /* Debug */,
			);
			defaultConfigurationIsVisible = 0;
			defaultConfigurationName = Release;
		};
		BB6A78C86CE5F931A5D143F9 /* Build configuration list for PBXProject "Metrom" */ = {
			isa = XCConfigurationList;
			buildConfigurations = (
				859A13CA161A60E9925642A8 /* Debug */,
				CA4893BA74C31BB4A99C7119 /* Release */,
			);
			defaultConfigurationIsVisible = 0;
			defaultConfigurationName = Release;
		};
/* End XCConfigurationList section */
	};
	rootObject = 294DE832A09CC2FD7A6334EE /* Project object */;
}
