// !$*UTF8*$!
{
	archiveVersion = 1;
	classes = {
	};
	objectVersion = 54;
	objects = {

/* Begin PBXBuildFile section */
		26DF6507351EF555422E6F16 /* MetronomeBridge.swift in Sources */ = {isa = PBXBuildFile; fileRef = A3852A8C0AF9478756E0374A /* MetronomeBridge.swift */; };
		6E0FDBE888009FDF57F1128F /* Foundation.framework in Frameworks */ = {isa = PBXBuildFile; fileRef = F4FFC503E5AF05FE43DCC1E8 /* Foundation.framework */; };
		80ECB962ABC36D3B3B69B50D /* tones in Resources */ = {isa = PBXBuildFile; fileRef = 844EEEE21063F64C22212C4F /* tones */; };
		85EB688553E33C553D372957 /* MetronomeView.swift in Sources */ = {isa = PBXBuildFile; fileRef = 8C0C8E2674C25222DC7C724E /* MetronomeView.swift */; };
		9FD97F739E1E11E15780F26D /* MetromShared.framework in Embed Frameworks */ = {isa = PBXBuildFile; fileRef = 6E25FF8BC1B984B06B1B2C70 /* MetromShared.framework */; settings = {ATTRIBUTES = (CodeSignOnCopy, RemoveHeadersOnCopy, ); }; };
		CAFE8FC3E073001E8190CD92 /* MetromTheme.swift in Sources */ = {isa = PBXBuildFile; fileRef = A446230582348B9F156CE2D7 /* MetromTheme.swift */; };
		E12A47B231EB13E1A9554152 /* MetromShared.framework in Frameworks */ = {isa = PBXBuildFile; fileRef = 6E25FF8BC1B984B06B1B2C70 /* MetromShared.framework */; };
		F89578DABD7EBBD8CCF46A21 /* AVAudioPcmSink.swift in Sources */ = {isa = PBXBuildFile; fileRef = 392B83B1D5190F5BA4D56C30 /* AVAudioPcmSink.swift */; };
		FB85AD0695ECA8E2A9F4250F /* MetromApp.swift in Sources */ = {isa = PBXBuildFile; fileRef = 374A210C21B7324C81DCF46E /* MetromApp.swift */; };
/* End PBXBuildFile section */

/* Begin PBXCopyFilesBuildPhase section */
		AF635F6408781E83A29DD928 /* Embed Frameworks */ = {
			isa = PBXCopyFilesBuildPhase;
			buildActionMask = 2147483647;
			dstPath = "";
			dstSubfolderSpec = 10;
			files = (
				9FD97F739E1E11E15780F26D /* MetromShared.framework in Embed Frameworks */,
			);
			name = "Embed Frameworks";
			runOnlyForDeploymentPostprocessing = 0;
		};
/* End PBXCopyFilesBuildPhase section */

/* Begin PBXFileReference section */
		0838C71DE12B276CD8B45167 /* Metrom.app */ = {isa = PBXFileReference; explicitFileType = wrapper.application; includeInIndex = 0; path = Metrom.app; sourceTree = BUILT_PRODUCTS_DIR; };
		374A210C21B7324C81DCF46E /* MetromApp.swift */ = {isa = PBXFileReference; includeInIndex = 1; lastKnownFileType = sourcecode.swift; path = MetromApp.swift; sourceTree = "<group>"; };
		392B83B1D5190F5BA4D56C30 /* AVAudioPcmSink.swift */ = {isa = PBXFileReference; includeInIndex = 1; lastKnownFileType = sourcecode.swift; path = AVAudioPcmSink.swift; sourceTree = "<group>"; };
		6E25FF8BC1B984B06B1B2C70 /* MetromShared.framework */ = {isa = PBXFileReference; lastKnownFileType = wrapper.framework; name = MetromShared.framework; path = ../shared/build/bin/iosSimulatorArm64/debugFramework/MetromShared.framework; sourceTree = "<group>"; };
		844EEEE21063F64C22212C4F /* tones */ = {isa = PBXFileReference; includeInIndex = 0; lastKnownFileType = folder; name = tones; path = Resources/tones; sourceTree = "<group>"; };
		8C0C8E2674C25222DC7C724E /* MetronomeView.swift */ = {isa = PBXFileReference; includeInIndex = 1; lastKnownFileType = sourcecode.swift; path = MetronomeView.swift; sourceTree = "<group>"; };
		A3852A8C0AF9478756E0374A /* MetronomeBridge.swift */ = {isa = PBXFileReference; includeInIndex = 1; lastKnownFileType = sourcecode.swift; path = MetronomeBridge.swift; sourceTree = "<group>"; };
		A446230582348B9F156CE2D7 /* MetromTheme.swift */ = {isa = PBXFileReference; includeInIndex = 1; lastKnownFileType = sourcecode.swift; path = MetromTheme.swift; sourceTree = "<group>"; };
		F4FFC503E5AF05FE43DCC1E8 /* Foundation.framework */ = {isa = PBXFileReference; lastKnownFileType = wrapper.framework; name = Foundation.framework; path = Platforms/iPhoneOS.platform/Developer/SDKs/iPhoneOS14.0.sdk/System/Library/Frameworks/Foundation.framework; sourceTree = DEVELOPER_DIR; };
		FD35A96FF874CB47610F5F3E /* Info.plist */ = {isa = PBXFileReference; includeInIndex = 1; lastKnownFileType = text.plist.xml; path = Info.plist; sourceTree = "<group>"; };
/* End PBXFileReference section */

/* Begin PBXFrameworksBuildPhase section */
		97AE2994C468998CA9648B79 /* Frameworks */ = {
			isa = PBXFrameworksBuildPhase;
			buildActionMask = 2147483647;
			files = (
				6E0FDBE888009FDF57F1128F /* Foundation.framework in Frameworks */,
				E12A47B231EB13E1A9554152 /* MetromShared.framework in Frameworks */,
			);
			runOnlyForDeploymentPostprocessing = 0;
		};
/* End PBXFrameworksBuildPhase section */

/* Begin PBXGroup section */
		072E57572D90EAA013788B70 /* Metrom */ = {
			isa = PBXGroup;
			children = (
				392B83B1D5190F5BA4D56C30 /* AVAudioPcmSink.swift */,
				374A210C21B7324C81DCF46E /* MetromApp.swift */,
				A446230582348B9F156CE2D7 /* MetromTheme.swift */,
				A3852A8C0AF9478756E0374A /* MetronomeBridge.swift */,
				8C0C8E2674C25222DC7C724E /* MetronomeView.swift */,
				844EEEE21063F64C22212C4F /* tones */,
				FD35A96FF874CB47610F5F3E /* Info.plist */,
			);
			path = Metrom;
			sourceTree = "<group>";
		};
		2ED2B3A21A69C095D00B86DE = {
			isa = PBXGroup;
			children = (
				5D9427C9888A3E90A1F79CAA /* Products */,
				D01C412731FDCB4DB41A0FBE /* Frameworks */,
				072E57572D90EAA013788B70 /* Metrom */,
				6E25FF8BC1B984B06B1B2C70 /* MetromShared.framework */,
			);
			sourceTree = "<group>";
		};
		5D9427C9888A3E90A1F79CAA /* Products */ = {
			isa = PBXGroup;
			children = (
				0838C71DE12B276CD8B45167 /* Metrom.app */,
			);
			name = Products;
			sourceTree = "<group>";
		};
		866D7B3798CA1839A510D204 /* iOS */ = {
			isa = PBXGroup;
			children = (
				F4FFC503E5AF05FE43DCC1E8 /* Foundation.framework */,
			);
			name = iOS;
			sourceTree = "<group>";
		};
		D01C412731FDCB4DB41A0FBE /* Frameworks */ = {
			isa = PBXGroup;
			children = (
				866D7B3798CA1839A510D204 /* iOS */,
			);
			name = Frameworks;
			sourceTree = "<group>";
		};
/* End PBXGroup section */

/* Begin PBXNativeTarget section */
		D8042BD34E87C4F4A408A459 /* Metrom */ = {
			isa = PBXNativeTarget;
			buildConfigurationList = A491007DB449D1309F1A6A3D /* Build configuration list for PBXNativeTarget "Metrom" */;
			buildPhases = (
				BE5D2712744C8C1368C3E3A4 /* Compile MetromShared */,
				97E3206F2E9CC66593C0EE70 /* Sources */,
				97AE2994C468998CA9648B79 /* Frameworks */,
				DB37A50068E42E7DCD32498A /* Resources */,
				AF635F6408781E83A29DD928 /* Embed Frameworks */,
			);
			buildRules = (
			);
			dependencies = (
			);
			name = Metrom;
			productName = Metrom;
			productReference = 0838C71DE12B276CD8B45167 /* Metrom.app */;
			productType = "com.apple.product-type.application";
		};
/* End PBXNativeTarget section */

/* Begin PBXProject section */
		BB5F841AB1633A304455F691 /* Project object */ = {
			isa = PBXProject;
			attributes = {
				BuildIndependentTargetsInParallel = YES;
				LastSwiftUpdateCheck = 1100;
				LastUpgradeCheck = 1640;
			};
			buildConfigurationList = 9F7FC67BE536B352C613ACD4 /* Build configuration list for PBXProject "Metrom" */;
			compatibilityVersion = "Xcode 3.2";
			developmentRegion = en;
			hasScannedForEncodings = 0;
			knownRegions = (
				en,
				Base,
			);
			mainGroup = 2ED2B3A21A69C095D00B86DE;
			productRefGroup = 5D9427C9888A3E90A1F79CAA /* Products */;
			projectDirPath = "";
			projectRoot = "";
			targets = (
				D8042BD34E87C4F4A408A459 /* Metrom */,
			);
		};
/* End PBXProject section */

/* Begin PBXResourcesBuildPhase section */
		DB37A50068E42E7DCD32498A /* Resources */ = {
			isa = PBXResourcesBuildPhase;
			buildActionMask = 2147483647;
			files = (
				80ECB962ABC36D3B3B69B50D /* tones in Resources */,
			);
			runOnlyForDeploymentPostprocessing = 0;
		};
/* End PBXResourcesBuildPhase section */

/* Begin PBXShellScriptBuildPhase section */
		BE5D2712744C8C1368C3E3A4 /* Compile MetromShared */ = {
			isa = PBXShellScriptBuildPhase;
			alwaysOutOfDate = 1;
			buildActionMask = 2147483647;
			files = (
			);
			inputFileListPaths = (
			);
			inputPaths = (
			);
			name = "Compile MetromShared";
			outputFileListPaths = (
			);
			outputPaths = (
			);
			runOnlyForDeploymentPostprocessing = 0;
			shellPath = /bin/bash;
			shellScript = "set -euo pipefail\nexport DEVELOPER_DIR=\"${DEVELOPER_DIR:-/Applications/Xcode.app/Contents/Developer}\"\nexport JAVA_HOME=\"${JAVA_HOME:-$(/usr/libexec/java_home 2>/dev/null || true)}\"\ncd \"$SRCROOT/..\"\nFRAME_SIM=\"$SRCROOT/../shared/build/bin/iosSimulatorArm64/debugFramework/MetromShared.framework\"\nFRAME_DEV=\"$SRCROOT/../shared/build/bin/iosArm64/debugFramework/MetromShared.framework\"\nif [[ \"${PLATFORM_NAME:-}\" == *simulator* && -d \"$FRAME_SIM\" ]]; then\n  echo \"Using prebuilt simulator MetromShared.framework\"\n  exit 0\nfi\nif [[ \"${PLATFORM_NAME:-}\" != *simulator* && -d \"$FRAME_DEV\" ]]; then\n  echo \"Using prebuilt device MetromShared.framework\"\n  exit 0\nfi\n./gradlew -p . :shared:embedAndSignAppleFrameworkForXcode\n";
		};
/* End PBXShellScriptBuildPhase section */

/* Begin PBXSourcesBuildPhase section */
		97E3206F2E9CC66593C0EE70 /* Sources */ = {
			isa = PBXSourcesBuildPhase;
			buildActionMask = 2147483647;
			files = (
				F89578DABD7EBBD8CCF46A21 /* AVAudioPcmSink.swift in Sources */,
				FB85AD0695ECA8E2A9F4250F /* MetromApp.swift in Sources */,
				CAFE8FC3E073001E8190CD92 /* MetromTheme.swift in Sources */,
				26DF6507351EF555422E6F16 /* MetronomeBridge.swift in Sources */,
				85EB688553E33C553D372957 /* MetronomeView.swift in Sources */,
			);
			runOnlyForDeploymentPostprocessing = 0;
		};
/* End PBXSourcesBuildPhase section */

/* Begin XCBuildConfiguration section */
		461DCB46385AA22008F863F6 /* Release */ = {
			isa = XCBuildConfiguration;
			buildSettings = {
				ALWAYS_SEARCH_USER_PATHS = NO;
				CLANG_ANALYZER_NONNULL = YES;
				CLANG_ANALYZER_NUMBER_OBJECT_CONVERSION = YES_AGGRESSIVE;
				CLANG_CXX_LANGUAGE_STANDARD = "gnu++14";
				CLANG_CXX_LIBRARY = "libc++";
				CLANG_ENABLE_MODULES = YES;
				CLANG_ENABLE_OBJC_ARC = YES;
				CLANG_ENABLE_OBJC_WEAK = YES;
				CLANG_WARN_BLOCK_CAPTURE_AUTORELEASING = YES;
				CLANG_WARN_BOOL_CONVERSION = YES;
				CLANG_WARN_COMMA = YES;
				CLANG_WARN_CONSTANT_CONVERSION = YES;
				CLANG_WARN_DEPRECATED_OBJC_IMPLEMENTATIONS = YES;
				CLANG_WARN_DIRECT_OBJC_ISA_USAGE = YES_ERROR;
				CLANG_WARN_DOCUMENTATION_COMMENTS = YES;
				CLANG_WARN_EMPTY_BODY = YES;
				CLANG_WARN_ENUM_CONVERSION = YES;
				CLANG_WARN_INFINITE_RECURSION = YES;
				CLANG_WARN_INT_CONVERSION = YES;
				CLANG_WARN_NON_LITERAL_NULL_CONVERSION = YES;
				CLANG_WARN_OBJC_IMPLICIT_RETAIN_SELF = YES;
				CLANG_WARN_OBJC_LITERAL_CONVERSION = YES;
				CLANG_WARN_OBJC_ROOT_CLASS = YES_ERROR;
				CLANG_WARN_QUOTED_INCLUDE_IN_FRAMEWORK_HEADER = YES;
				CLANG_WARN_RANGE_LOOP_ANALYSIS = YES;
				CLANG_WARN_STRICT_PROTOTYPES = YES;
				CLANG_WARN_SUSPICIOUS_MOVE = YES;
				CLANG_WARN_UNGUARDED_AVAILABILITY = YES_AGGRESSIVE;
				CLANG_WARN_UNREACHABLE_CODE = YES;
				CLANG_WARN__DUPLICATE_METHOD_MATCH = YES;
				COPY_PHASE_STRIP = NO;
				DEBUG_INFORMATION_FORMAT = "dwarf-with-dsym";
				DEVELOPMENT_TEAM = M3C8F32WA5;
				ENABLE_NS_ASSERTIONS = NO;
				ENABLE_STRICT_OBJC_MSGSEND = YES;
				ENABLE_USER_SCRIPT_SANDBOXING = YES;
				GCC_C_LANGUAGE_STANDARD = gnu11;
				GCC_NO_COMMON_BLOCKS = YES;
				GCC_WARN_64_TO_32_BIT_CONVERSION = YES;
				GCC_WARN_ABOUT_RETURN_TYPE = YES_ERROR;
				GCC_WARN_UNDECLARED_SELECTOR = YES;
				GCC_WARN_UNINITIALIZED_AUTOS = YES_AGGRESSIVE;
				GCC_WARN_UNUSED_FUNCTION = YES;
				GCC_WARN_UNUSED_VARIABLE = YES;
				IPHONEOS_DEPLOYMENT_TARGET = 16.0;
				MTL_ENABLE_DEBUG_INFO = NO;
				MTL_FAST_MATH = YES;
				PRODUCT_NAME = "$(TARGET_NAME)";
				SDKROOT = iphoneos;
				SWIFT_COMPILATION_MODE = wholemodule;
				SWIFT_OPTIMIZATION_LEVEL = "-O";
				SWIFT_VERSION = 5.0;
			};
			name = Release;
		};
		665993829C0C851C6FB19D65 /* Debug */ = {
			isa = XCBuildConfiguration;
			buildSettings = {
				ALWAYS_SEARCH_USER_PATHS = NO;
				ASSETCATALOG_COMPILER_APPICON_NAME = AppIcon;
				ASSETCATALOG_COMPILER_GLOBAL_ACCENT_COLOR_NAME = AccentColor;
				CLANG_ENABLE_MODULES = YES;
				CLANG_ENABLE_OBJC_WEAK = NO;
				CODE_SIGN_IDENTITY = "Apple Development";
				CODE_SIGN_STYLE = Automatic;
				CURRENT_PROJECT_VERSION = 1;
				ENABLE_DEBUG_DYLIB = NO;
				ENABLE_PREVIEWS = NO;
				FRAMEWORK_SEARCH_PATHS = (
					"$(inherited)",
					"\"$(SRCROOT)/../shared/build/xcode-frameworks/$(CONFIGURATION)/$(SDK_NAME)\"",
					"\"$(SRCROOT)/../shared/build/bin/iosSimulatorArm64/debugFramework\"",
					"\"$(SRCROOT)/../shared/build/bin/iosArm64/debugFramework\"",
				);
				GENERATE_INFOPLIST_FILE = NO;
				INFOPLIST_FILE = Metrom/Info.plist;
				INFOPLIST_KEY_LSApplicationCategoryType = "public.app-category.music";
				IPHONEOS_DEPLOYMENT_TARGET = 16.0;
				LD_RUNPATH_SEARCH_PATHS = (
					"$(inherited)",
					"@executable_path/Frameworks",
				);
				MARKETING_VERSION = 1.0;
				OTHER_LDFLAGS = (
					"$(inherited)",
					"-framework",
					MetromShared,
				);
				PRODUCT_BUNDLE_IDENTIFIER = com.metrom.app;
				PRODUCT_NAME = Metrom;
				SDKROOT = iphoneos;
				SUPPORTED_PLATFORMS = "iphoneos iphonesimulator";
				SUPPORTS_MACCATALYST = NO;
				SUPPORTS_MAC_DESIGNED_FOR_IPHONE_IPAD = NO;
				SUPPORTS_XR_DESIGNED_FOR_IPHONE_IPAD = NO;
				SWIFT_VERSION = 5.0;
				TARGETED_DEVICE_FAMILY = 1;
			};
			name = Debug;
		};
		A5F6277F9867E4E1F34D7AA1 /* Debug */ = {
			isa = XCBuildConfiguration;
			buildSettings = {
				ALWAYS_SEARCH_USER_PATHS = NO;
				CLANG_ANALYZER_NONNULL = YES;
				CLANG_ANALYZER_NUMBER_OBJECT_CONVERSION = YES_AGGRESSIVE;
				CLANG_CXX_LANGUAGE_STANDARD = "gnu++14";
				CLANG_CXX_LIBRARY = "libc++";
				CLANG_ENABLE_MODULES = YES;
				CLANG_ENABLE_OBJC_ARC = YES;
				CLANG_ENABLE_OBJC_WEAK = YES;
				CLANG_WARN_BLOCK_CAPTURE_AUTORELEASING = YES;
				CLANG_WARN_BOOL_CONVERSION = YES;
				CLANG_WARN_COMMA = YES;
				CLANG_WARN_CONSTANT_CONVERSION = YES;
				CLANG_WARN_DEPRECATED_OBJC_IMPLEMENTATIONS = YES;
				CLANG_WARN_DIRECT_OBJC_ISA_USAGE = YES_ERROR;
				CLANG_WARN_DOCUMENTATION_COMMENTS = YES;
				CLANG_WARN_EMPTY_BODY = YES;
				CLANG_WARN_ENUM_CONVERSION = YES;
				CLANG_WARN_INFINITE_RECURSION = YES;
				CLANG_WARN_INT_CONVERSION = YES;
				CLANG_WARN_NON_LITERAL_NULL_CONVERSION = YES;
				CLANG_WARN_OBJC_IMPLICIT_RETAIN_SELF = YES;
				CLANG_WARN_OBJC_LITERAL_CONVERSION = YES;
				CLANG_WARN_OBJC_ROOT_CLASS = YES_ERROR;
				CLANG_WARN_QUOTED_INCLUDE_IN_FRAMEWORK_HEADER = YES;
				CLANG_WARN_RANGE_LOOP_ANALYSIS = YES;
				CLANG_WARN_STRICT_PROTOTYPES = YES;
				CLANG_WARN_SUSPICIOUS_MOVE = YES;
				CLANG_WARN_UNGUARDED_AVAILABILITY = YES_AGGRESSIVE;
				CLANG_WARN_UNREACHABLE_CODE = YES;
				CLANG_WARN__DUPLICATE_METHOD_MATCH = YES;
				COPY_PHASE_STRIP = NO;
				DEBUG_INFORMATION_FORMAT = dwarf;
				DEVELOPMENT_TEAM = M3C8F32WA5;
				ENABLE_STRICT_OBJC_MSGSEND = YES;
				ENABLE_TESTABILITY = YES;
				ENABLE_USER_SCRIPT_SANDBOXING = YES;
				GCC_C_LANGUAGE_STANDARD = gnu11;
				GCC_DYNAMIC_NO_PIC = NO;
				GCC_NO_COMMON_BLOCKS = YES;
				GCC_OPTIMIZATION_LEVEL = 0;
				GCC_PREPROCESSOR_DEFINITIONS = (
					"DEBUG=1",
					"$(inherited)",
				);
				GCC_WARN_64_TO_32_BIT_CONVERSION = YES;
				GCC_WARN_ABOUT_RETURN_TYPE = YES_ERROR;
				GCC_WARN_UNDECLARED_SELECTOR = YES;
				GCC_WARN_UNINITIALIZED_AUTOS = YES_AGGRESSIVE;
				GCC_WARN_UNUSED_FUNCTION = YES;
				GCC_WARN_UNUSED_VARIABLE = YES;
				IPHONEOS_DEPLOYMENT_TARGET = 16.0;
				MTL_ENABLE_DEBUG_INFO = INCLUDE_SOURCE;
				MTL_FAST_MATH = YES;
				ONLY_ACTIVE_ARCH = YES;
				PRODUCT_NAME = "$(TARGET_NAME)";
				SDKROOT = iphoneos;
				SWIFT_ACTIVE_COMPILATION_CONDITIONS = DEBUG;
				SWIFT_OPTIMIZATION_LEVEL = "-Onone";
				SWIFT_VERSION = 5.0;
			};
			name = Debug;
		};
		DD4D4FB910C8B0C2C4647A70 /* Release */ = {
			isa = XCBuildConfiguration;
			buildSettings = {
				ALWAYS_SEARCH_USER_PATHS = NO;
				ASSETCATALOG_COMPILER_APPICON_NAME = AppIcon;
				ASSETCATALOG_COMPILER_GLOBAL_ACCENT_COLOR_NAME = AccentColor;
				CLANG_ENABLE_MODULES = YES;
				CLANG_ENABLE_OBJC_WEAK = NO;
				CODE_SIGN_IDENTITY = "Apple Development";
				CODE_SIGN_STYLE = Automatic;
				CURRENT_PROJECT_VERSION = 1;
				ENABLE_DEBUG_DYLIB = NO;
				ENABLE_PREVIEWS = NO;
				FRAMEWORK_SEARCH_PATHS = (
					"$(inherited)",
					"\"$(SRCROOT)/../shared/build/xcode-frameworks/$(CONFIGURATION)/$(SDK_NAME)\"",
					"\"$(SRCROOT)/../shared/build/bin/iosSimulatorArm64/debugFramework\"",
					"\"$(SRCROOT)/../shared/build/bin/iosArm64/debugFramework\"",
				);
				GENERATE_INFOPLIST_FILE = NO;
				INFOPLIST_FILE = Metrom/Info.plist;
				INFOPLIST_KEY_LSApplicationCategoryType = "public.app-category.music";
				IPHONEOS_DEPLOYMENT_TARGET = 16.0;
				LD_RUNPATH_SEARCH_PATHS = (
					"$(inherited)",
					"@executable_path/Frameworks",
				);
				MARKETING_VERSION = 1.0;
				OTHER_LDFLAGS = (
					"$(inherited)",
					"-framework",
					MetromShared,
				);
				PRODUCT_BUNDLE_IDENTIFIER = com.metrom.app;
				PRODUCT_NAME = Metrom;
				SDKROOT = iphoneos;
				SUPPORTED_PLATFORMS = "iphoneos iphonesimulator";
				SUPPORTS_MACCATALYST = NO;
				SUPPORTS_MAC_DESIGNED_FOR_IPHONE_IPAD = NO;
				SUPPORTS_XR_DESIGNED_FOR_IPHONE_IPAD = NO;
				SWIFT_VERSION = 5.0;
				TARGETED_DEVICE_FAMILY = 1;
				VALIDATE_PRODUCT = YES;
			};
			name = Release;
		};
/* End XCBuildConfiguration section */

/* Begin XCConfigurationList section */
		9F7FC67BE536B352C613ACD4 /* Build configuration list for PBXProject "Metrom" */ = {
			isa = XCConfigurationList;
			buildConfigurations = (
				A5F6277F9867E4E1F34D7AA1 /* Debug */,
				461DCB46385AA22008F863F6 /* Release */,
			);
			defaultConfigurationIsVisible = 0;
			defaultConfigurationName = Release;
		};
		A491007DB449D1309F1A6A3D /* Build configuration list for PBXNativeTarget "Metrom" */ = {
			isa = XCConfigurationList;
			buildConfigurations = (
				DD4D4FB910C8B0C2C4647A70 /* Release */,
				665993829C0C851C6FB19D65 /* Debug */,
			);
			defaultConfigurationIsVisible = 0;
			defaultConfigurationName = Release;
		};
/* End XCConfigurationList section */
	};
	rootObject = BB5F841AB1633A304455F691 /* Project object */;
}
